
Microsoft Visual Studio Solution File, Format Version 12.00
# Visual Studio Version 17
VisualStudioVersion = 17.5.33424.131
MinimumVisualStudioVersion = 10.0.40219.1
Project("{FAE04EC0-301F-11D3-BF4B-00C04F79EFBC}") = "acces_baglanma", "acces_baglanma\acces_baglanma.csproj", "{69A51047-F68B-43BB-A3DC-B76B2FD04F5C}"
EndProject
Global
	GlobalSection(SolutionConfigurationPlatforms) = preSolution
		Debug|Any CPU = Debug|Any CPU
		Release|Any CPU = Release|Any CPU
	EndGlobalSection
	GlobalSection(ProjectConfigurationPlatforms) = postSolution
		{69A51047-F68B-43BB-A3DC-B76B2FD04F5C}.Debug|Any CPU.ActiveCfg = Debug|Any CPU
		{69A51047-F68B-43BB-A3DC-B76B2FD04F5C}.Debug|Any CPU.Build.0 = Debug|Any CPU
		{69A51047-F68B-43BB-A3DC-B76B2FD04F5C}.Release|Any CPU.ActiveCfg = Release|Any CPU
		{69A51047-F68B-43BB-A3DC-B76B2FD04F5C}.Release|Any CPU.Build.0 = Release|Any CPU
	EndGlobalSection
	GlobalSection(SolutionProperties) = preSolution
		HideSolutionNode = FALSE
	EndGlobalSection
	GlobalSection(ExtensibilityGlobals) = postSolution
		SolutionGuid = {303EDE25-2FF1-4C1D-8E9C-969B682019A9}
	EndGlobalSection
EndGlobal
