
Microsoft Visual Studio Solution File, Format Version 12.00
# Visual Studio Version 17
VisualStudioVersion = 17.5.33424.131
MinimumVisualStudioVersion = 10.0.40219.1
Project("{FAE04EC0-301F-11D3-BF4B-00C04F79EFBC}") = "radiobutton ile kdv hesaplama", "radiobutton ile kdv hesaplama\radiobutton ile kdv hesaplama.csproj", "{60352111-1441-4330-8C0D-A2A041BFCDBB}"
EndProject
Global
	GlobalSection(SolutionConfigurationPlatforms) = preSolution
		Debug|Any CPU = Debug|Any CPU
		Release|Any CPU = Release|Any CPU
	EndGlobalSection
	GlobalSection(ProjectConfigurationPlatforms) = postSolution
		{60352111-1441-4330-8C0D-A2A041BFCDBB}.Debug|Any CPU.ActiveCfg = Debug|Any CPU
		{60352111-1441-4330-8C0D-A2A041BFCDBB}.Debug|Any CPU.Build.0 = Debug|Any CPU
		{60352111-1441-4330-8C0D-A2A041BFCDBB}.Release|Any CPU.ActiveCfg = Release|Any CPU
		{60352111-1441-4330-8C0D-A2A041BFCDBB}.Release|Any CPU.Build.0 = Release|Any CPU
	EndGlobalSection
	GlobalSection(SolutionProperties) = preSolution
		HideSolutionNode = FALSE
	EndGlobalSection
	GlobalSection(ExtensibilityGlobals) = postSolution
		SolutionGuid = {52D5D4FE-AD45-40DB-8402-071A3BC42560}
	EndGlobalSection
EndGlobal
