
Microsoft Visual Studio Solution File, Format Version 12.00
# Visual Studio Version 17
VisualStudioVersion = 17.4.33213.308
MinimumVisualStudioVersion = 10.0.40219.1
Project("{FAE04EC0-301F-11D3-BF4B-00C04F79EFBC}") = "butonlar2", "butonlar2\butonlar2.csproj", "{B549161F-7628-472F-AC82-A708B097BFAF}"
EndProject
Global
	GlobalSection(SolutionConfigurationPlatforms) = preSolution
		Debug|Any CPU = Debug|Any CPU
		Release|Any CPU = Release|Any CPU
	EndGlobalSection
	GlobalSection(ProjectConfigurationPlatforms) = postSolution
		{B549161F-7628-472F-AC82-A708B097BFAF}.Debug|Any CPU.ActiveCfg = Debug|Any CPU
		{B549161F-7628-472F-AC82-A708B097BFAF}.Debug|Any CPU.Build.0 = Debug|Any CPU
		{B549161F-7628-472F-AC82-A708B097BFAF}.Release|Any CPU.ActiveCfg = Release|Any CPU
		{B549161F-7628-472F-AC82-A708B097BFAF}.Release|Any CPU.Build.0 = Release|Any CPU
	EndGlobalSection
	GlobalSection(SolutionProperties) = preSolution
		HideSolutionNode = FALSE
	EndGlobalSection
	GlobalSection(ExtensibilityGlobals) = postSolution
		SolutionGuid = {D30E7E95-F8E6-4F57-91FD-519D01EA8CB5}
	EndGlobalSection
EndGlobal
